// !$*UTF8*$!
{
	archiveVersion = 1;
	classes = {
	};
	objectVersion = 77;
	objects = {

/* Begin PBXBuildFile section */
		3211F34B2CF6EA4E00CCAE23 /* FirebaseAnalytics in Frameworks */ = {isa = PBXBuildFile; productRef = 3211F34A2CF6EA4E00CCAE23 /* FirebaseAnalytics */; };
		3211F34D2CF6EA4E00CCAE23 /* FirebaseAuth in Frameworks */ = {isa = PBXBuildFile; productRef = 3211F34C2CF6EA4E00CCAE23 /* FirebaseAuth */; };
		3211F34F2CF6EA4E00CCAE23 /* FirebaseAuthCombine-Community in Frameworks */ = {isa = PBXBuildFile; productRef = 3211F34E2CF6EA4E00CCAE23 /* FirebaseAuthCombine-Community */; };
		3211F3512CF6EA4E00CCAE23 /* FirebaseFirestore in Frameworks */ = {isa = PBXBuildFile; productRef = 3211F3502CF6EA4E00CCAE23 /* FirebaseFirestore */; };
		3211F3532CF6EA4E00CCAE23 /* FirebaseFirestoreCombine-Community in Frameworks */ = {isa = PBXBuildFile; productRef = 3211F3522CF6EA4E00CCAE23 /* FirebaseFirestoreCombine-Community */; };
		3211F3552CF6EA4E00CCAE23 /* FirebaseStorage in Frameworks */ = {isa = PBXBuildFile; productRef = 3211F3542CF6EA4E00CCAE23 /* FirebaseStorage */; };
		3211F3572CF6EA4E00CCAE23 /* FirebaseStorageCombine-Community in Frameworks */ = {isa = PBXBuildFile; productRef = 3211F3562CF6EA4E00CCAE23 /* FirebaseStorageCombine-Community */; };
/* End PBXBuildFile section */

/* Begin PBXFileReference section */
		3211F3342CF6E23400CCAE23 /* EbuddyTest.app */ = {isa = PBXFileReference; explicitFileType = wrapper.application; includeInIndex = 0; path = EbuddyTest.app; sourceTree = BUILT_PRODUCTS_DIR; };
/* End PBXFileReference section */

/* Begin PBXFileSystemSynchronizedRootGroup section */
		3211F3362CF6E23400CCAE23 /* EbuddyTest */ = {
			isa = PBXFileSystemSynchronizedRootGroup;
			path = EbuddyTest;
			sourceTree = "<group>";
		};
/* End PBXFileSystemSynchronizedRootGroup section */

/* Begin PBXFrameworksBuildPhase section */
		3211F3312CF6E23400CCAE23 /* Frameworks */ = {
			isa = PBXFrameworksBuildPhase;
			buildActionMask = 2147483647;
			files = (
				3211F34B2CF6EA4E00CCAE23 /* FirebaseAnalytics in Frameworks */,
				3211F3572CF6EA4E00CCAE23 /* FirebaseStorageCombine-Community in Frameworks */,
				3211F3512CF6EA4E00CCAE23 /* FirebaseFirestore in Frameworks */,
				3211F34F2CF6EA4E00CCAE23 /* FirebaseAuthCombine-Community in Frameworks */,
				3211F3532CF6EA4E00CCAE23 /* FirebaseFirestoreCombine-Community in Frameworks */,
				3211F34D2CF6EA4E00CCAE23 /* FirebaseAuth in Frameworks */,
				3211F3552CF6EA4E00CCAE23 /* FirebaseStorage in Frameworks */,
			);
			runOnlyForDeploymentPostprocessing = 0;
		};
/* End PBXFrameworksBuildPhase section */

/* Begin PBXGroup section */
		3211F32B2CF6E23400CCAE23 = {
			isa = PBXGroup;
			children = (
				3211F3362CF6E23400CCAE23 /* EbuddyTest */,
				3211F3352CF6E23400CCAE23 /* Products */,
			);
			sourceTree = "<group>";
		};
		3211F3352CF6E23400CCAE23 /* Products */ = {
			isa = PBXGroup;
			children = (
				3211F3342CF6E23400CCAE23 /* EbuddyTest.app */,
			);
			name = Products;
			sourceTree = "<group>";
		};
/* End PBXGroup section */

/* Begin PBXNativeTarget section */
		3211F3332CF6E23400CCAE23 /* EbuddyTest */ = {
			isa = PBXNativeTarget;
			buildConfigurationList = 3211F3422CF6E23600CCAE23 /* Build configuration list for PBXNativeTarget "EbuddyTest" */;
			buildPhases = (
				3211F3302CF6E23400CCAE23 /* Sources */,
				3211F3312CF6E23400CCAE23 /* Frameworks */,
				3211F3322CF6E23400CCAE23 /* Resources */,
			);
			buildRules = (
			);
			dependencies = (
			);
			fileSystemSynchronizedGroups = (
				3211F3362CF6E23400CCAE23 /* EbuddyTest */,
			);
			name = EbuddyTest;
			packageProductDependencies = (
				3211F34A2CF6EA4E00CCAE23 /* FirebaseAnalytics */,
				3211F34C2CF6EA4E00CCAE23 /* FirebaseAuth */,
				3211F34E2CF6EA4E00CCAE23 /* FirebaseAuthCombine-Community */,
				3211F3502CF6EA4E00CCAE23 /* FirebaseFirestore */,
				3211F3522CF6EA4E00CCAE23 /* FirebaseFirestoreCombine-Community */,
				3211F3542CF6EA4E00CCAE23 /* FirebaseStorage */,
				3211F3562CF6EA4E00CCAE23 /* FirebaseStorageCombine-Community */,
			);
			productName = EbuddyTest;
			productReference = 3211F3342CF6E23400CCAE23 /* EbuddyTest.app */;
			productType = "com.apple.product-type.application";
		};
/* End PBXNativeTarget section */

/* Begin PBXProject section */
		3211F32C2CF6E23400CCAE23 /* Project object */ = {
			isa = PBXProject;
			attributes = {
				BuildIndependentTargetsInParallel = 1;
				LastSwiftUpdateCheck = 1610;
				LastUpgradeCheck = 1610;
				TargetAttributes = {
					3211F3332CF6E23400CCAE23 = {
						CreatedOnToolsVersion = 16.1;
					};
				};
			};
			buildConfigurationList = 3211F32F2CF6E23400CCAE23 /* Build configuration list for PBXProject "EbuddyTest" */;
			developmentRegion = en;
			hasScannedForEncodings = 0;
			knownRegions = (
				en,
				Base,
			);
			mainGroup = 3211F32B2CF6E23400CCAE23;
			minimizedProjectReferenceProxies = 1;
			packageReferences = (
				3211F3492CF6EA4E00CCAE23 /* XCRemoteSwiftPackageReference "firebase-ios-sdk" */,
			);
			preferredProjectObjectVersion = 77;
			productRefGroup = 3211F3352CF6E23400CCAE23 /* Products */;
			projectDirPath = "";
			projectRoot = "";
			targets = (
				3211F3332CF6E23400CCAE23 /* EbuddyTest */,
			);
		};
/* End PBXProject section */

/* Begin PBXResourcesBuildPhase section */
		3211F3322CF6E23400CCAE23 /* Resources */ = {
			isa = PBXResourcesBuildPhase;
			buildActionMask = 2147483647;
			files = (
			);
			runOnlyForDeploymentPostprocessing = 0;
		};
/* End PBXResourcesBuildPhase section */

/* Begin PBXSourcesBuildPhase section */
		3211F3302CF6E23400CCAE23 /* Sources */ = {
			isa = PBXSourcesBuildPhase;
			buildActionMask = 2147483647;
			files = (
			);
			runOnlyForDeploymentPostprocessing = 0;
		};
/* End PBXSourcesBuildPhase section */

/* Begin XCBuildConfiguration section */
		3211F3402CF6E23600CCAE23 /* Debug */ = {
			isa = XCBuildConfiguration;
			buildSettings = {
				ALWAYS_SEARCH_USER_PATHS = NO;
				ASSETCATALOG_COMPILER_GENERATE_SWIFT_ASSET_SYMBOL_EXTENSIONS = YES;
				CLANG_ANALYZER_NONNULL = YES;
				CLANG_ANALYZER_NUMBER_OBJECT_CONVERSION = YES_AGGRESSIVE;
				CLANG_CXX_LANGUAGE_STANDARD = "gnu++20";
				CLANG_ENABLE_MODULES = YES;
				CLANG_ENABLE_OBJC_ARC = YES;
				CLANG_ENABLE_OBJC_WEAK = YES;
				CLANG_WARN_BLOCK_CAPTURE_AUTORELEASING = YES;
				CLANG_WARN_BOOL_CONVERSION = YES;
				CLANG_WARN_COMMA = YES;
				CLANG_WARN_CONSTANT_CONVERSION = YES;
				CLANG_WARN_DEPRECATED_OBJC_IMPLEMENTATIONS = YES;
				CLANG_WARN_DIRECT_OBJC_ISA_USAGE = YES_ERROR;
				CLANG_WARN_DOCUMENTATION_COMMENTS = YES;
				CLANG_WARN_EMPTY_BODY = YES;
				CLANG_WARN_ENUM_CONVERSION = YES;
				CLANG_WARN_INFINITE_RECURSION = YES;
				CLANG_WARN_INT_CONVERSION = YES;
				CLANG_WARN_NON_LITERAL_NULL_CONVERSION = YES;
				CLANG_WARN_OBJC_IMPLICIT_RETAIN_SELF = YES;
				CLANG_WARN_OBJC_LITERAL_CONVERSION = YES;
				CLANG_WARN_OBJC_ROOT_CLASS = YES_ERROR;
				CLANG_WARN_QUOTED_INCLUDE_IN_FRAMEWORK_HEADER = YES;
				CLANG_WARN_RANGE_LOOP_ANALYSIS = YES;
				CLANG_WARN_STRICT_PROTOTYPES = YES;
				CLANG_WARN_SUSPICIOUS_MOVE = YES;
				CLANG_WARN_UNGUARDED_AVAILABILITY = YES_AGGRESSIVE;
				CLANG_WARN_UNREACHABLE_CODE = YES;
				CLANG_WARN__DUPLICATE_METHOD_MATCH = YES;
				COPY_PHASE_STRIP = NO;
				DEBUG_INFORMATION_FORMAT = dwarf;
				ENABLE_STRICT_OBJC_MSGSEND = YES;
				ENABLE_TESTABILITY = YES;
				ENABLE_USER_SCRIPT_SANDBOXING = YES;
				GCC_C_LANGUAGE_STANDARD = gnu17;
				GCC_DYNAMIC_NO_PIC = NO;
				GCC_NO_COMMON_BLOCKS = YES;
				GCC_OPTIMIZATION_LEVEL = 0;
				GCC_PREPROCESSOR_DEFINITIONS = (
					"DEBUG=1",
					"$(inherited)",
				);
				GCC_WARN_64_TO_32_BIT_CONVERSION = YES;
				GCC_WARN_ABOUT_RETURN_TYPE = YES_ERROR;
				GCC_WARN_UNDECLARED_SELECTOR = YES;
				GCC_WARN_UNINITIALIZED_AUTOS = YES_AGGRESSIVE;
				GCC_WARN_UNUSED_FUNCTION = YES;
				GCC_WARN_UNUSED_VARIABLE = YES;
				IPHONEOS_DEPLOYMENT_TARGET = 18.1;
				LOCALIZATION_PREFERS_STRING_CATALOGS = YES;
				MTL_ENABLE_DEBUG_INFO = INCLUDE_SOURCE;
				MTL_FAST_MATH = YES;
				ONLY_ACTIVE_ARCH = YES;
				SDKROOT = iphoneos;
				SWIFT_ACTIVE_COMPILATION_CONDITIONS = "DEBUG $(inherited)";
				SWIFT_OPTIMIZATION_LEVEL = "-Onone";
			};
			name = Debug;
		};
		3211F3412CF6E23600CCAE23 /* Release */ = {
			isa = XCBuildConfiguration;
			buildSettings = {
				ALWAYS_SEARCH_USER_PATHS = NO;
				ASSETCATALOG_COMPILER_GENERATE_SWIFT_ASSET_SYMBOL_EXTENSIONS = YES;
				CLANG_ANALYZER_NONNULL = YES;
				CLANG_ANALYZER_NUMBER_OBJECT_CONVERSION = YES_AGGRESSIVE;
				CLANG_CXX_LANGUAGE_STANDARD = "gnu++20";
				CLANG_ENABLE_MODULES = YES;
				CLANG_ENABLE_OBJC_ARC = YES;
				CLANG_ENABLE_OBJC_WEAK = YES;
				CLANG_WARN_BLOCK_CAPTURE_AUTORELEASING = YES;
				CLANG_WARN_BOOL_CONVERSION = YES;
				CLANG_WARN_COMMA = YES;
				CLANG_WARN_CONSTANT_CONVERSION = YES;
				CLANG_WARN_DEPRECATED_OBJC_IMPLEMENTATIONS = YES;
				CLANG_WARN_DIRECT_OBJC_ISA_USAGE = YES_ERROR;
				CLANG_WARN_DOCUMENTATION_COMMENTS = YES;
				CLANG_WARN_EMPTY_BODY = YES;
				CLANG_WARN_ENUM_CONVERSION = YES;
				CLANG_WARN_INFINITE_RECURSION = YES;
				CLANG_WARN_INT_CONVERSION = YES;
				CLANG_WARN_NON_LITERAL_NULL_CONVERSION = YES;
				CLANG_WARN_OBJC_IMPLICIT_RETAIN_SELF = YES;
				CLANG_WARN_OBJC_LITERAL_CONVERSION = YES;
				CLANG_WARN_OBJC_ROOT_CLASS = YES_ERROR;
				CLANG_WARN_QUOTED_INCLUDE_IN_FRAMEWORK_HEADER = YES;
				CLANG_WARN_RANGE_LOOP_ANALYSIS = YES;
				CLANG_WARN_STRICT_PROTOTYPES = YES;
				CLANG_WARN_SUSPICIOUS_MOVE = YES;
				CLANG_WARN_UNGUARDED_AVAILABILITY = YES_AGGRESSIVE;
				CLANG_WARN_UNREACHABLE_CODE = YES;
				CLANG_WARN__DUPLICATE_METHOD_MATCH = YES;
				COPY_PHASE_STRIP = NO;
				DEBUG_INFORMATION_FORMAT = "dwarf-with-dsym";
				ENABLE_NS_ASSERTIONS = NO;
				ENABLE_STRICT_OBJC_MSGSEND = YES;
				ENABLE_USER_SCRIPT_SANDBOXING = YES;
				GCC_C_LANGUAGE_STANDARD = gnu17;
				GCC_NO_COMMON_BLOCKS = YES;
				GCC_WARN_64_TO_32_BIT_CONVERSION = YES;
				GCC_WARN_ABOUT_RETURN_TYPE = YES_ERROR;
				GCC_WARN_UNDECLARED_SELECTOR = YES;
				GCC_WARN_UNINITIALIZED_AUTOS = YES_AGGRESSIVE;
				GCC_WARN_UNUSED_FUNCTION = YES;
				GCC_WARN_UNUSED_VARIABLE = YES;
				IPHONEOS_DEPLOYMENT_TARGET = 18.1;
				LOCALIZATION_PREFERS_STRING_CATALOGS = YES;
				MTL_ENABLE_DEBUG_INFO = NO;
				MTL_FAST_MATH = YES;
				SDKROOT = iphoneos;
				SWIFT_COMPILATION_MODE = wholemodule;
				VALIDATE_PRODUCT = YES;
			};
			name = Release;
		};
		3211F3432CF6E23600CCAE23 /* Debug */ = {
			isa = XCBuildConfiguration;
			buildSettings = {
				ASSETCATALOG_COMPILER_APPICON_NAME = AppIcon;
				ASSETCATALOG_COMPILER_GLOBAL_ACCENT_COLOR_NAME = AccentColor;
				CODE_SIGN_STYLE = Automatic;
				CURRENT_PROJECT_VERSION = 1;
				DEVELOPMENT_ASSET_PATHS = "\"EbuddyTest/Preview Content\"";
				ENABLE_PREVIEWS = YES;
				GENERATE_INFOPLIST_FILE = YES;
				INFOPLIST_KEY_UIApplicationSceneManifest_Generation = YES;
				INFOPLIST_KEY_UIApplicationSupportsIndirectInputEvents = YES;
				INFOPLIST_KEY_UILaunchScreen_Generation = YES;
				INFOPLIST_KEY_UISupportedInterfaceOrientations_iPad = "UIInterfaceOrientationPortrait UIInterfaceOrientationPortraitUpsideDown UIInterfaceOrientationLandscapeLeft UIInterfaceOrientationLandscapeRight";
				INFOPLIST_KEY_UISupportedInterfaceOrientations_iPhone = "UIInterfaceOrientationPortrait UIInterfaceOrientationLandscapeLeft UIInterfaceOrientationLandscapeRight";
				LD_RUNPATH_SEARCH_PATHS = (
					"$(inherited)",
					"@executable_path/Frameworks",
				);
				MARKETING_VERSION = 1.0;
				PRODUCT_BUNDLE_IDENTIFIER = com.wendra.EbuddyTest;
				PRODUCT_NAME = "$(TARGET_NAME)";
				SWIFT_EMIT_LOC_STRINGS = YES;
				SWIFT_VERSION = 5.0;
				TARGETED_DEVICE_FAMILY = "1,2";
			};
			name = Debug;
		};
		3211F3442CF6E23600CCAE23 /* Release */ = {
			isa = XCBuildConfiguration;
			buildSettings = {
				ASSETCATALOG_COMPILER_APPICON_NAME = AppIcon;
				ASSETCATALOG_COMPILER_GLOBAL_ACCENT_COLOR_NAME = AccentColor;
				CODE_SIGN_STYLE = Automatic;
				CURRENT_PROJECT_VERSION = 1;
				DEVELOPMENT_ASSET_PATHS = "\"EbuddyTest/Preview Content\"";
				ENABLE_PREVIEWS = YES;
				GENERATE_INFOPLIST_FILE = YES;
				INFOPLIST_KEY_UIApplicationSceneManifest_Generation = YES;
				INFOPLIST_KEY_UIApplicationSupportsIndirectInputEvents = YES;
				INFOPLIST_KEY_UILaunchScreen_Generation = YES;
				INFOPLIST_KEY_UISupportedInterfaceOrientations_iPad = "UIInterfaceOrientationPortrait UIInterfaceOrientationPortraitUpsideDown UIInterfaceOrientationLandscapeLeft UIInterfaceOrientationLandscapeRight";
				INFOPLIST_KEY_UISupportedInterfaceOrientations_iPhone = "UIInterfaceOrientationPortrait UIInterfaceOrientationLandscapeLeft UIInterfaceOrientationLandscapeRight";
				LD_RUNPATH_SEARCH_PATHS = (
					"$(inherited)",
					"@executable_path/Frameworks",
				);
				MARKETING_VERSION = 1.0;
				PRODUCT_BUNDLE_IDENTIFIER = com.wendra.EbuddyTest;
				PRODUCT_NAME = "$(TARGET_NAME)";
				SWIFT_EMIT_LOC_STRINGS = YES;
				SWIFT_VERSION = 5.0;
				TARGETED_DEVICE_FAMILY = "1,2";
			};
			name = Release;
		};
/* End XCBuildConfiguration section */

/* Begin XCConfigurationList section */
		3211F32F2CF6E23400CCAE23 /* Build configuration list for PBXProject "EbuddyTest" */ = {
			isa = XCConfigurationList;
			buildConfigurations = (
				3211F3402CF6E23600CCAE23 /* Debug */,
				3211F3412CF6E23600CCAE23 /* Release */,
			);
			defaultConfigurationIsVisible = 0;
			defaultConfigurationName = Release;
		};
		3211F3422CF6E23600CCAE23 /* Build configuration list for PBXNativeTarget "EbuddyTest" */ = {
			isa = XCConfigurationList;
			buildConfigurations = (
				3211F3432CF6E23600CCAE23 /* Debug */,
				3211F3442CF6E23600CCAE23 /* Release */,
			);
			defaultConfigurationIsVisible = 0;
			defaultConfigurationName = Release;
		};
/* End XCConfigurationList section */

/* Begin XCRemoteSwiftPackageReference section */
		3211F3492CF6EA4E00CCAE23 /* XCRemoteSwiftPackageReference "firebase-ios-sdk" */ = {
			isa = XCRemoteSwiftPackageReference;
			repositoryURL = "https://github.com/firebase/firebase-ios-sdk";
			requirement = {
				kind = upToNextMajorVersion;
				minimumVersion = 11.5.0;
			};
		};
/* End XCRemoteSwiftPackageReference section */

/* Begin XCSwiftPackageProductDependency section */
		3211F34A2CF6EA4E00CCAE23 /* FirebaseAnalytics */ = {
			isa = XCSwiftPackageProductDependency;
			package = 3211F3492CF6EA4E00CCAE23 /* XCRemoteSwiftPackageReference "firebase-ios-sdk" */;
			productName = FirebaseAnalytics;
		};
		3211F34C2CF6EA4E00CCAE23 /* FirebaseAuth */ = {
			isa = XCSwiftPackageProductDependency;
			package = 3211F3492CF6EA4E00CCAE23 /* XCRemoteSwiftPackageReference "firebase-ios-sdk" */;
			productName = FirebaseAuth;
		};
		3211F34E2CF6EA4E00CCAE23 /* FirebaseAuthCombine-Community */ = {
			isa = XCSwiftPackageProductDependency;
			package = 3211F3492CF6EA4E00CCAE23 /* XCRemoteSwiftPackageReference "firebase-ios-sdk" */;
			productName = "FirebaseAuthCombine-Community";
		};
		3211F3502CF6EA4E00CCAE23 /* FirebaseFirestore */ = {
			isa = XCSwiftPackageProductDependency;
			package = 3211F3492CF6EA4E00CCAE23 /* XCRemoteSwiftPackageReference "firebase-ios-sdk" */;
			productName = FirebaseFirestore;
		};
		3211F3522CF6EA4E00CCAE23 /* FirebaseFirestoreCombine-Community */ = {
			isa = XCSwiftPackageProductDependency;
			package = 3211F3492CF6EA4E00CCAE23 /* XCRemoteSwiftPackageReference "firebase-ios-sdk" */;
			productName = "FirebaseFirestoreCombine-Community";
		};
		3211F3542CF6EA4E00CCAE23 /* FirebaseStorage */ = {
			isa = XCSwiftPackageProductDependency;
			package = 3211F3492CF6EA4E00CCAE23 /* XCRemoteSwiftPackageReference "firebase-ios-sdk" */;
			productName = FirebaseStorage;
		};
		3211F3562CF6EA4E00CCAE23 /* FirebaseStorageCombine-Community */ = {
			isa = XCSwiftPackageProductDependency;
			package = 3211F3492CF6EA4E00CCAE23 /* XCRemoteSwiftPackageReference "firebase-ios-sdk" */;
			productName = "FirebaseStorageCombine-Community";
		};
/* End XCSwiftPackageProductDependency section */
	};
	rootObject = 3211F32C2CF6E23400CCAE23 /* Project object */;
}
